
Microsoft Visual Studio Solution File, Format Version 12.00
# Visual Studio Version 16
VisualStudioVersion = 16.0.30907.101
MinimumVisualStudioVersion = 10.0.40219.1
Project("{FAE04EC0-301F-11D3-BF4B-00C04F79EFBC}") = "Kampİntro", "Kampİntro\Kampİntro.csproj", "{82547843-ECDB-4B8B-A824-C0F1AD7A2440}"
EndProject
Project("{FAE04EC0-301F-11D3-BF4B-00C04F79EFBC}") = "Donguler", "Donguler\Donguler.csproj", "{6A3A8853-6F4E-4550-BA76-525316F3D32C}"
EndProject
Project("{FAE04EC0-301F-11D3-BF4B-00C04F79EFBC}") = "Classİntro", "Classİntro\Classİntro.csproj", "{481B336B-D16F-4739-A185-64DB6CBD7D04}"
EndProject
Global
	GlobalSection(SolutionConfigurationPlatforms) = preSolution
		Debug|Any CPU = Debug|Any CPU
		Release|Any CPU = Release|Any CPU
	EndGlobalSection
	GlobalSection(ProjectConfigurationPlatforms) = postSolution
		{82547843-ECDB-4B8B-A824-C0F1AD7A2440}.Debug|Any CPU.ActiveCfg = Debug|Any CPU
		{82547843-ECDB-4B8B-A824-C0F1AD7A2440}.Debug|Any CPU.Build.0 = Debug|Any CPU
		{82547843-ECDB-4B8B-A824-C0F1AD7A2440}.Release|Any CPU.ActiveCfg = Release|Any CPU
		{82547843-ECDB-4B8B-A824-C0F1AD7A2440}.Release|Any CPU.Build.0 = Release|Any CPU
		{6A3A8853-6F4E-4550-BA76-525316F3D32C}.Debug|Any CPU.ActiveCfg = Debug|Any CPU
		{6A3A8853-6F4E-4550-BA76-525316F3D32C}.Debug|Any CPU.Build.0 = Debug|Any CPU
		{6A3A8853-6F4E-4550-BA76-525316F3D32C}.Release|Any CPU.ActiveCfg = Release|Any CPU
		{6A3A8853-6F4E-4550-BA76-525316F3D32C}.Release|Any CPU.Build.0 = Release|Any CPU
		{481B336B-D16F-4739-A185-64DB6CBD7D04}.Debug|Any CPU.ActiveCfg = Debug|Any CPU
		{481B336B-D16F-4739-A185-64DB6CBD7D04}.Debug|Any CPU.Build.0 = Debug|Any CPU
		{481B336B-D16F-4739-A185-64DB6CBD7D04}.Release|Any CPU.ActiveCfg = Release|Any CPU
		{481B336B-D16F-4739-A185-64DB6CBD7D04}.Release|Any CPU.Build.0 = Release|Any CPU
	EndGlobalSection
	GlobalSection(SolutionProperties) = preSolution
		HideSolutionNode = FALSE
	EndGlobalSection
	GlobalSection(ExtensibilityGlobals) = postSolution
		SolutionGuid = {2498E86D-A81D-49CA-BE85-C44D3BB84AF1}
	EndGlobalSection
EndGlobal
